
Microsoft Visual Studio Solution File, Format Version 12.00
# Visual Studio Version 16
VisualStudioVersion = 16.0.30011.22
MinimumVisualStudioVersion = 10.0.40219.1
Project("{F184B08F-C81C-45F6-A57F-5ABD9991F28F}") = "WH", "WH\WH.vbproj", "{9111B5CB-2C3E-4D84-850B-F722874527DD}"
EndProject
Project("{F184B08F-C81C-45F6-A57F-5ABD9991F28F}") = "ABS", "ABS\ABS.vbproj", "{8AC20144-AD3B-4B63-B4CE-E14FAA115DD2}"
EndProject
Project("{F184B08F-C81C-45F6-A57F-5ABD9991F28F}") = "ABSC", "ABSC\ABSC.vbproj", "{FAF62E09-6F1D-4545-ABD5-E95F3FD93F9A}"
	ProjectSection(ProjectDependencies) = postProject
		{8AC20144-AD3B-4B63-B4CE-E14FAA115DD2} = {8AC20144-AD3B-4B63-B4CE-E14FAA115DD2}
	EndProjectSection
EndProject
Project("{F184B08F-C81C-45F6-A57F-5ABD9991F28F}") = "ABSX", "ABSX\ABSX.vbproj", "{BAA59583-9614-4718-BCA5-FA3A1D7638A7}"
EndProject
Project("{F184B08F-C81C-45F6-A57F-5ABD9991F28F}") = "AS", "AS\AS.vbproj", "{E91FD05E-20CB-41EB-8395-386AC8962664}"
EndProject
Project("{F184B08F-C81C-45F6-A57F-5ABD9991F28F}") = "AP", "AP\AP.vbproj", "{9611728C-3A18-4E69-A125-48DBD23944B8}"
EndProject
Project("{F184B08F-C81C-45F6-A57F-5ABD9991F28F}") = "AR", "AR\AR.vbproj", "{77E0AECB-C99C-40AC-9CEC-04A59D82AE90}"
EndProject
Project("{F184B08F-C81C-45F6-A57F-5ABD9991F28F}") = "ED", "ED\ED.vbproj", "{8900DDE0-3C90-4C70-9F2D-D17E839E99F2}"
EndProject
Project("{F184B08F-C81C-45F6-A57F-5ABD9991F28F}") = "GL", "GL\GL.vbproj", "{1FF166EC-995A-433C-AA50-AF7E07134767}"
EndProject
Project("{F184B08F-C81C-45F6-A57F-5ABD9991F28F}") = "IC", "IC\IC.vbproj", "{84957AC3-4F28-4557-B9BA-457041397E67}"
EndProject
Project("{F184B08F-C81C-45F6-A57F-5ABD9991F28F}") = "PO", "PO\PO.vbproj", "{2140D751-E208-4873-9E47-84894A541808}"
EndProject
Project("{F184B08F-C81C-45F6-A57F-5ABD9991F28F}") = "SA", "SA\SA.vbproj", "{ADCFBFAA-BFC1-48DE-8A9E-5901E3ADC854}"
EndProject
Project("{F184B08F-C81C-45F6-A57F-5ABD9991F28F}") = "SO", "SO\SO.vbproj", "{B2C1A867-7981-47CC-B48C-5B9FE11E4CD8}"
EndProject
Project("{F184B08F-C81C-45F6-A57F-5ABD9991F28F}") = "TA", "TA\TA.vbproj", "{557BF4B8-752B-4B73-A755-56B2CE9DFBDE}"
EndProject
Project("{F184B08F-C81C-45F6-A57F-5ABD9991F28F}") = "TAC", "TAC\TAC.vbproj", "{F8DA3299-4A2C-473D-9AEE-C00295788E43}"
EndProject
Project("{FAE04EC0-301F-11D3-BF4B-00C04F79EFBC}") = "ABSCS", "ABSCS\ABSCS.csproj", "{FEDE76DB-DB57-4642-A943-748898F4CC9E}"
EndProject
Project("{F184B08F-C81C-45F6-A57F-5ABD9991F28F}") = "WO", "WO\WO.vbproj", "{C6C8CA8A-0F46-4E45-A6AF-5CEEE970AEE9}"
EndProject
Project("{F184B08F-C81C-45F6-A57F-5ABD9991F28F}") = "ABS_OLAP", "ABS_OLAP\ABS_OLAP.vbproj", "{B585304F-4701-42CF-8107-EDA807B07AC1}"
EndProject
Project("{F184B08F-C81C-45F6-A57F-5ABD9991F28F}") = "CC", "CC\CC.vbproj", "{62A964F3-C36D-46DE-938F-1D04DAA80C45}"
EndProject
Project("{F184B08F-C81C-45F6-A57F-5ABD9991F28F}") = "WB", "WB\WB.vbproj", "{7B1AD110-296F-4FE2-9F3D-71B24D5A8ED1}"
EndProject
Project("{F184B08F-C81C-45F6-A57F-5ABD9991F28F}") = "WHC", "WHC\WHC.vbproj", "{169F5E5F-D5E6-4DCA-8571-A1D4E6188B97}"
EndProject
Project("{F184B08F-C81C-45F6-A57F-5ABD9991F28F}") = "EC", "EC\EC.vbproj", "{3ED6D241-6B93-4AD5-AC8D-2300DD9C6EF4}"
EndProject
Project("{F184B08F-C81C-45F6-A57F-5ABD9991F28F}") = "AT", "AT\AT.vbproj", "{291B11B5-ADC2-4703-A8D9-B7F611CC6238}"
EndProject
Global
	GlobalSection(SolutionConfigurationPlatforms) = preSolution
		Debug|Any CPU = Debug|Any CPU
		Debug|x86 = Debug|x86
		Release|Any CPU = Release|Any CPU
		Release|x86 = Release|x86
		x86|Any CPU = x86|Any CPU
		x86|x86 = x86|x86
	EndGlobalSection
	GlobalSection(ProjectConfigurationPlatforms) = postSolution
		{9111B5CB-2C3E-4D84-850B-F722874527DD}.Debug|Any CPU.ActiveCfg = Debug|Any CPU
		{9111B5CB-2C3E-4D84-850B-F722874527DD}.Debug|Any CPU.Build.0 = Debug|Any CPU
		{9111B5CB-2C3E-4D84-850B-F722874527DD}.Debug|x86.ActiveCfg = Debug|x86
		{9111B5CB-2C3E-4D84-850B-F722874527DD}.Debug|x86.Build.0 = Debug|x86
		{9111B5CB-2C3E-4D84-850B-F722874527DD}.Release|Any CPU.ActiveCfg = Release|Any CPU
		{9111B5CB-2C3E-4D84-850B-F722874527DD}.Release|Any CPU.Build.0 = Release|Any CPU
		{9111B5CB-2C3E-4D84-850B-F722874527DD}.Release|x86.ActiveCfg = Release|x86
		{9111B5CB-2C3E-4D84-850B-F722874527DD}.Release|x86.Build.0 = Release|x86
		{9111B5CB-2C3E-4D84-850B-F722874527DD}.x86|Any CPU.ActiveCfg = Release|x86
		{9111B5CB-2C3E-4D84-850B-F722874527DD}.x86|x86.ActiveCfg = Release|x86
		{9111B5CB-2C3E-4D84-850B-F722874527DD}.x86|x86.Build.0 = Release|x86
		{8AC20144-AD3B-4B63-B4CE-E14FAA115DD2}.Debug|Any CPU.ActiveCfg = Debug|Any CPU
		{8AC20144-AD3B-4B63-B4CE-E14FAA115DD2}.Debug|Any CPU.Build.0 = Debug|Any CPU
		{8AC20144-AD3B-4B63-B4CE-E14FAA115DD2}.Debug|x86.ActiveCfg = Debug|x86
		{8AC20144-AD3B-4B63-B4CE-E14FAA115DD2}.Debug|x86.Build.0 = Debug|x86
		{8AC20144-AD3B-4B63-B4CE-E14FAA115DD2}.Release|Any CPU.ActiveCfg = Release|Any CPU
		{8AC20144-AD3B-4B63-B4CE-E14FAA115DD2}.Release|Any CPU.Build.0 = Release|Any CPU
		{8AC20144-AD3B-4B63-B4CE-E14FAA115DD2}.Release|x86.ActiveCfg = Release|x86
		{8AC20144-AD3B-4B63-B4CE-E14FAA115DD2}.Release|x86.Build.0 = Release|x86
		{8AC20144-AD3B-4B63-B4CE-E14FAA115DD2}.x86|Any CPU.ActiveCfg = x86|Any CPU
		{8AC20144-AD3B-4B63-B4CE-E14FAA115DD2}.x86|Any CPU.Build.0 = x86|Any CPU
		{8AC20144-AD3B-4B63-B4CE-E14FAA115DD2}.x86|x86.ActiveCfg = x86|x86
		{8AC20144-AD3B-4B63-B4CE-E14FAA115DD2}.x86|x86.Build.0 = x86|x86
		{FAF62E09-6F1D-4545-ABD5-E95F3FD93F9A}.Debug|Any CPU.ActiveCfg = Debug|Any CPU
		{FAF62E09-6F1D-4545-ABD5-E95F3FD93F9A}.Debug|Any CPU.Build.0 = Debug|Any CPU
		{FAF62E09-6F1D-4545-ABD5-E95F3FD93F9A}.Debug|x86.ActiveCfg = Debug|x86
		{FAF62E09-6F1D-4545-ABD5-E95F3FD93F9A}.Debug|x86.Build.0 = Debug|x86
		{FAF62E09-6F1D-4545-ABD5-E95F3FD93F9A}.Release|Any CPU.ActiveCfg = Release|Any CPU
		{FAF62E09-6F1D-4545-ABD5-E95F3FD93F9A}.Release|Any CPU.Build.0 = Release|Any CPU
		{FAF62E09-6F1D-4545-ABD5-E95F3FD93F9A}.Release|x86.ActiveCfg = Release|x86
		{FAF62E09-6F1D-4545-ABD5-E95F3FD93F9A}.Release|x86.Build.0 = Release|x86
		{FAF62E09-6F1D-4545-ABD5-E95F3FD93F9A}.x86|Any CPU.ActiveCfg = Release|x86
		{FAF62E09-6F1D-4545-ABD5-E95F3FD93F9A}.x86|x86.ActiveCfg = Release|x86
		{FAF62E09-6F1D-4545-ABD5-E95F3FD93F9A}.x86|x86.Build.0 = Release|x86
		{BAA59583-9614-4718-BCA5-FA3A1D7638A7}.Debug|Any CPU.ActiveCfg = Debug|Any CPU
		{BAA59583-9614-4718-BCA5-FA3A1D7638A7}.Debug|Any CPU.Build.0 = Debug|Any CPU
		{BAA59583-9614-4718-BCA5-FA3A1D7638A7}.Debug|x86.ActiveCfg = Debug|x86
		{BAA59583-9614-4718-BCA5-FA3A1D7638A7}.Debug|x86.Build.0 = Debug|x86
		{BAA59583-9614-4718-BCA5-FA3A1D7638A7}.Release|Any CPU.ActiveCfg = Release|Any CPU
		{BAA59583-9614-4718-BCA5-FA3A1D7638A7}.Release|Any CPU.Build.0 = Release|Any CPU
		{BAA59583-9614-4718-BCA5-FA3A1D7638A7}.Release|x86.ActiveCfg = Release|x86
		{BAA59583-9614-4718-BCA5-FA3A1D7638A7}.Release|x86.Build.0 = Release|x86
		{BAA59583-9614-4718-BCA5-FA3A1D7638A7}.x86|Any CPU.ActiveCfg = Release|x86
		{BAA59583-9614-4718-BCA5-FA3A1D7638A7}.x86|x86.ActiveCfg = Release|x86
		{BAA59583-9614-4718-BCA5-FA3A1D7638A7}.x86|x86.Build.0 = Release|x86
		{E91FD05E-20CB-41EB-8395-386AC8962664}.Debug|Any CPU.ActiveCfg = Debug|Any CPU
		{E91FD05E-20CB-41EB-8395-386AC8962664}.Debug|Any CPU.Build.0 = Debug|Any CPU
		{E91FD05E-20CB-41EB-8395-386AC8962664}.Debug|x86.ActiveCfg = Debug|x86
		{E91FD05E-20CB-41EB-8395-386AC8962664}.Debug|x86.Build.0 = Debug|x86
		{E91FD05E-20CB-41EB-8395-386AC8962664}.Release|Any CPU.ActiveCfg = Release|Any CPU
		{E91FD05E-20CB-41EB-8395-386AC8962664}.Release|Any CPU.Build.0 = Release|Any CPU
		{E91FD05E-20CB-41EB-8395-386AC8962664}.Release|x86.ActiveCfg = Release|x86
		{E91FD05E-20CB-41EB-8395-386AC8962664}.Release|x86.Build.0 = Release|x86
		{E91FD05E-20CB-41EB-8395-386AC8962664}.x86|Any CPU.ActiveCfg = Release|x86
		{E91FD05E-20CB-41EB-8395-386AC8962664}.x86|x86.ActiveCfg = Release|x86
		{E91FD05E-20CB-41EB-8395-386AC8962664}.x86|x86.Build.0 = Release|x86
		{9611728C-3A18-4E69-A125-48DBD23944B8}.Debug|Any CPU.ActiveCfg = Debug|Any CPU
		{9611728C-3A18-4E69-A125-48DBD23944B8}.Debug|Any CPU.Build.0 = Debug|Any CPU
		{9611728C-3A18-4E69-A125-48DBD23944B8}.Debug|x86.ActiveCfg = Debug|x86
		{9611728C-3A18-4E69-A125-48DBD23944B8}.Debug|x86.Build.0 = Debug|x86
		{9611728C-3A18-4E69-A125-48DBD23944B8}.Release|Any CPU.ActiveCfg = Release|Any CPU
		{9611728C-3A18-4E69-A125-48DBD23944B8}.Release|Any CPU.Build.0 = Release|Any CPU
		{9611728C-3A18-4E69-A125-48DBD23944B8}.Release|x86.ActiveCfg = Release|x86
		{9611728C-3A18-4E69-A125-48DBD23944B8}.Release|x86.Build.0 = Release|x86
		{9611728C-3A18-4E69-A125-48DBD23944B8}.x86|Any CPU.ActiveCfg = Release|x86
		{9611728C-3A18-4E69-A125-48DBD23944B8}.x86|x86.ActiveCfg = Release|x86
		{9611728C-3A18-4E69-A125-48DBD23944B8}.x86|x86.Build.0 = Release|x86
		{77E0AECB-C99C-40AC-9CEC-04A59D82AE90}.Debug|Any CPU.ActiveCfg = Debug|Any CPU
		{77E0AECB-C99C-40AC-9CEC-04A59D82AE90}.Debug|Any CPU.Build.0 = Debug|Any CPU
		{77E0AECB-C99C-40AC-9CEC-04A59D82AE90}.Debug|x86.ActiveCfg = Debug|x86
		{77E0AECB-C99C-40AC-9CEC-04A59D82AE90}.Debug|x86.Build.0 = Debug|x86
		{77E0AECB-C99C-40AC-9CEC-04A59D82AE90}.Release|Any CPU.ActiveCfg = Release|Any CPU
		{77E0AECB-C99C-40AC-9CEC-04A59D82AE90}.Release|Any CPU.Build.0 = Release|Any CPU
		{77E0AECB-C99C-40AC-9CEC-04A59D82AE90}.Release|x86.ActiveCfg = Release|x86
		{77E0AECB-C99C-40AC-9CEC-04A59D82AE90}.Release|x86.Build.0 = Release|x86
		{77E0AECB-C99C-40AC-9CEC-04A59D82AE90}.x86|Any CPU.ActiveCfg = Release|x86
		{77E0AECB-C99C-40AC-9CEC-04A59D82AE90}.x86|x86.ActiveCfg = Release|x86
		{77E0AECB-C99C-40AC-9CEC-04A59D82AE90}.x86|x86.Build.0 = Release|x86
		{8900DDE0-3C90-4C70-9F2D-D17E839E99F2}.Debug|Any CPU.ActiveCfg = Debug|Any CPU
		{8900DDE0-3C90-4C70-9F2D-D17E839E99F2}.Debug|Any CPU.Build.0 = Debug|Any CPU
		{8900DDE0-3C90-4C70-9F2D-D17E839E99F2}.Debug|x86.ActiveCfg = Debug|x86
		{8900DDE0-3C90-4C70-9F2D-D17E839E99F2}.Debug|x86.Build.0 = Debug|x86
		{8900DDE0-3C90-4C70-9F2D-D17E839E99F2}.Release|Any CPU.ActiveCfg = Release|Any CPU
		{8900DDE0-3C90-4C70-9F2D-D17E839E99F2}.Release|Any CPU.Build.0 = Release|Any CPU
		{8900DDE0-3C90-4C70-9F2D-D17E839E99F2}.Release|x86.ActiveCfg = Release|x86
		{8900DDE0-3C90-4C70-9F2D-D17E839E99F2}.Release|x86.Build.0 = Release|x86
		{8900DDE0-3C90-4C70-9F2D-D17E839E99F2}.x86|Any CPU.ActiveCfg = Release|x86
		{8900DDE0-3C90-4C70-9F2D-D17E839E99F2}.x86|x86.ActiveCfg = Release|x86
		{8900DDE0-3C90-4C70-9F2D-D17E839E99F2}.x86|x86.Build.0 = Release|x86
		{1FF166EC-995A-433C-AA50-AF7E07134767}.Debug|Any CPU.ActiveCfg = Debug|Any CPU
		{1FF166EC-995A-433C-AA50-AF7E07134767}.Debug|Any CPU.Build.0 = Debug|Any CPU
		{1FF166EC-995A-433C-AA50-AF7E07134767}.Debug|x86.ActiveCfg = Debug|x86
		{1FF166EC-995A-433C-AA50-AF7E07134767}.Debug|x86.Build.0 = Debug|x86
		{1FF166EC-995A-433C-AA50-AF7E07134767}.Release|Any CPU.ActiveCfg = Release|Any CPU
		{1FF166EC-995A-433C-AA50-AF7E07134767}.Release|Any CPU.Build.0 = Release|Any CPU
		{1FF166EC-995A-433C-AA50-AF7E07134767}.Release|x86.ActiveCfg = Release|x86
		{1FF166EC-995A-433C-AA50-AF7E07134767}.Release|x86.Build.0 = Release|x86
		{1FF166EC-995A-433C-AA50-AF7E07134767}.x86|Any CPU.ActiveCfg = Release|x86
		{1FF166EC-995A-433C-AA50-AF7E07134767}.x86|x86.ActiveCfg = Release|x86
		{1FF166EC-995A-433C-AA50-AF7E07134767}.x86|x86.Build.0 = Release|x86
		{84957AC3-4F28-4557-B9BA-457041397E67}.Debug|Any CPU.ActiveCfg = Debug|Any CPU
		{84957AC3-4F28-4557-B9BA-457041397E67}.Debug|Any CPU.Build.0 = Debug|Any CPU
		{84957AC3-4F28-4557-B9BA-457041397E67}.Debug|x86.ActiveCfg = Debug|x86
		{84957AC3-4F28-4557-B9BA-457041397E67}.Debug|x86.Build.0 = Debug|x86
		{84957AC3-4F28-4557-B9BA-457041397E67}.Release|Any CPU.ActiveCfg = Release|Any CPU
		{84957AC3-4F28-4557-B9BA-457041397E67}.Release|Any CPU.Build.0 = Release|Any CPU
		{84957AC3-4F28-4557-B9BA-457041397E67}.Release|x86.ActiveCfg = Release|x86
		{84957AC3-4F28-4557-B9BA-457041397E67}.Release|x86.Build.0 = Release|x86
		{84957AC3-4F28-4557-B9BA-457041397E67}.x86|Any CPU.ActiveCfg = Release|x86
		{84957AC3-4F28-4557-B9BA-457041397E67}.x86|x86.ActiveCfg = Release|x86
		{84957AC3-4F28-4557-B9BA-457041397E67}.x86|x86.Build.0 = Release|x86
		{2140D751-E208-4873-9E47-84894A541808}.Debug|Any CPU.ActiveCfg = Debug|Any CPU
		{2140D751-E208-4873-9E47-84894A541808}.Debug|Any CPU.Build.0 = Debug|Any CPU
		{2140D751-E208-4873-9E47-84894A541808}.Debug|x86.ActiveCfg = Debug|x86
		{2140D751-E208-4873-9E47-84894A541808}.Debug|x86.Build.0 = Debug|x86
		{2140D751-E208-4873-9E47-84894A541808}.Release|Any CPU.ActiveCfg = Release|Any CPU
		{2140D751-E208-4873-9E47-84894A541808}.Release|Any CPU.Build.0 = Release|Any CPU
		{2140D751-E208-4873-9E47-84894A541808}.Release|x86.ActiveCfg = Release|x86
		{2140D751-E208-4873-9E47-84894A541808}.Release|x86.Build.0 = Release|x86
		{2140D751-E208-4873-9E47-84894A541808}.x86|Any CPU.ActiveCfg = Release|x86
		{2140D751-E208-4873-9E47-84894A541808}.x86|x86.ActiveCfg = Release|x86
		{2140D751-E208-4873-9E47-84894A541808}.x86|x86.Build.0 = Release|x86
		{ADCFBFAA-BFC1-48DE-8A9E-5901E3ADC854}.Debug|Any CPU.ActiveCfg = Debug|Any CPU
		{ADCFBFAA-BFC1-48DE-8A9E-5901E3ADC854}.Debug|Any CPU.Build.0 = Debug|Any CPU
		{ADCFBFAA-BFC1-48DE-8A9E-5901E3ADC854}.Debug|x86.ActiveCfg = Debug|x86
		{ADCFBFAA-BFC1-48DE-8A9E-5901E3ADC854}.Debug|x86.Build.0 = Debug|x86
		{ADCFBFAA-BFC1-48DE-8A9E-5901E3ADC854}.Release|Any CPU.ActiveCfg = Release|Any CPU
		{ADCFBFAA-BFC1-48DE-8A9E-5901E3ADC854}.Release|Any CPU.Build.0 = Release|Any CPU
		{ADCFBFAA-BFC1-48DE-8A9E-5901E3ADC854}.Release|x86.ActiveCfg = Release|x86
		{ADCFBFAA-BFC1-48DE-8A9E-5901E3ADC854}.Release|x86.Build.0 = Release|x86
		{ADCFBFAA-BFC1-48DE-8A9E-5901E3ADC854}.x86|Any CPU.ActiveCfg = Release|x86
		{ADCFBFAA-BFC1-48DE-8A9E-5901E3ADC854}.x86|x86.ActiveCfg = Release|x86
		{ADCFBFAA-BFC1-48DE-8A9E-5901E3ADC854}.x86|x86.Build.0 = Release|x86
		{B2C1A867-7981-47CC-B48C-5B9FE11E4CD8}.Debug|Any CPU.ActiveCfg = Debug|Any CPU
		{B2C1A867-7981-47CC-B48C-5B9FE11E4CD8}.Debug|Any CPU.Build.0 = Debug|Any CPU
		{B2C1A867-7981-47CC-B48C-5B9FE11E4CD8}.Debug|x86.ActiveCfg = Debug|x86
		{B2C1A867-7981-47CC-B48C-5B9FE11E4CD8}.Debug|x86.Build.0 = Debug|x86
		{B2C1A867-7981-47CC-B48C-5B9FE11E4CD8}.Release|Any CPU.ActiveCfg = Release|Any CPU
		{B2C1A867-7981-47CC-B48C-5B9FE11E4CD8}.Release|Any CPU.Build.0 = Release|Any CPU
		{B2C1A867-7981-47CC-B48C-5B9FE11E4CD8}.Release|x86.ActiveCfg = Release|x86
		{B2C1A867-7981-47CC-B48C-5B9FE11E4CD8}.Release|x86.Build.0 = Release|x86
		{B2C1A867-7981-47CC-B48C-5B9FE11E4CD8}.x86|Any CPU.ActiveCfg = Release|x86
		{B2C1A867-7981-47CC-B48C-5B9FE11E4CD8}.x86|x86.ActiveCfg = Release|x86
		{B2C1A867-7981-47CC-B48C-5B9FE11E4CD8}.x86|x86.Build.0 = Release|x86
		{557BF4B8-752B-4B73-A755-56B2CE9DFBDE}.Debug|Any CPU.ActiveCfg = Debug|Any CPU
		{557BF4B8-752B-4B73-A755-56B2CE9DFBDE}.Debug|Any CPU.Build.0 = Debug|Any CPU
		{557BF4B8-752B-4B73-A755-56B2CE9DFBDE}.Debug|x86.ActiveCfg = Debug|x86
		{557BF4B8-752B-4B73-A755-56B2CE9DFBDE}.Debug|x86.Build.0 = Debug|x86
		{557BF4B8-752B-4B73-A755-56B2CE9DFBDE}.Release|Any CPU.ActiveCfg = Release|Any CPU
		{557BF4B8-752B-4B73-A755-56B2CE9DFBDE}.Release|Any CPU.Build.0 = Release|Any CPU
		{557BF4B8-752B-4B73-A755-56B2CE9DFBDE}.Release|x86.ActiveCfg = Release|x86
		{557BF4B8-752B-4B73-A755-56B2CE9DFBDE}.Release|x86.Build.0 = Release|x86
		{557BF4B8-752B-4B73-A755-56B2CE9DFBDE}.x86|Any CPU.ActiveCfg = Release|x86
		{557BF4B8-752B-4B73-A755-56B2CE9DFBDE}.x86|x86.ActiveCfg = Release|x86
		{557BF4B8-752B-4B73-A755-56B2CE9DFBDE}.x86|x86.Build.0 = Release|x86
		{F8DA3299-4A2C-473D-9AEE-C00295788E43}.Debug|Any CPU.ActiveCfg = Debug|Any CPU
		{F8DA3299-4A2C-473D-9AEE-C00295788E43}.Debug|Any CPU.Build.0 = Debug|Any CPU
		{F8DA3299-4A2C-473D-9AEE-C00295788E43}.Debug|x86.ActiveCfg = Debug|x86
		{F8DA3299-4A2C-473D-9AEE-C00295788E43}.Debug|x86.Build.0 = Debug|x86
		{F8DA3299-4A2C-473D-9AEE-C00295788E43}.Release|Any CPU.ActiveCfg = Release|Any CPU
		{F8DA3299-4A2C-473D-9AEE-C00295788E43}.Release|Any CPU.Build.0 = Release|Any CPU
		{F8DA3299-4A2C-473D-9AEE-C00295788E43}.Release|x86.ActiveCfg = Release|x86
		{F8DA3299-4A2C-473D-9AEE-C00295788E43}.Release|x86.Build.0 = Release|x86
		{F8DA3299-4A2C-473D-9AEE-C00295788E43}.x86|Any CPU.ActiveCfg = Release|x86
		{F8DA3299-4A2C-473D-9AEE-C00295788E43}.x86|x86.ActiveCfg = Release|x86
		{F8DA3299-4A2C-473D-9AEE-C00295788E43}.x86|x86.Build.0 = Release|x86
		{FEDE76DB-DB57-4642-A943-748898F4CC9E}.Debug|Any CPU.ActiveCfg = Debug|Any CPU
		{FEDE76DB-DB57-4642-A943-748898F4CC9E}.Debug|Any CPU.Build.0 = Debug|Any CPU
		{FEDE76DB-DB57-4642-A943-748898F4CC9E}.Debug|x86.ActiveCfg = Debug|x86
		{FEDE76DB-DB57-4642-A943-748898F4CC9E}.Debug|x86.Build.0 = Debug|x86
		{FEDE76DB-DB57-4642-A943-748898F4CC9E}.Release|Any CPU.ActiveCfg = Release|Any CPU
		{FEDE76DB-DB57-4642-A943-748898F4CC9E}.Release|Any CPU.Build.0 = Release|Any CPU
		{FEDE76DB-DB57-4642-A943-748898F4CC9E}.Release|x86.ActiveCfg = Release|x86
		{FEDE76DB-DB57-4642-A943-748898F4CC9E}.Release|x86.Build.0 = Release|x86
		{FEDE76DB-DB57-4642-A943-748898F4CC9E}.x86|Any CPU.ActiveCfg = Release|x86
		{FEDE76DB-DB57-4642-A943-748898F4CC9E}.x86|x86.ActiveCfg = Release|x86
		{FEDE76DB-DB57-4642-A943-748898F4CC9E}.x86|x86.Build.0 = Release|x86
		{C6C8CA8A-0F46-4E45-A6AF-5CEEE970AEE9}.Debug|Any CPU.ActiveCfg = Debug|Any CPU
		{C6C8CA8A-0F46-4E45-A6AF-5CEEE970AEE9}.Debug|Any CPU.Build.0 = Debug|Any CPU
		{C6C8CA8A-0F46-4E45-A6AF-5CEEE970AEE9}.Debug|x86.ActiveCfg = Debug|x86
		{C6C8CA8A-0F46-4E45-A6AF-5CEEE970AEE9}.Debug|x86.Build.0 = Debug|x86
		{C6C8CA8A-0F46-4E45-A6AF-5CEEE970AEE9}.Release|Any CPU.ActiveCfg = Release|Any CPU
		{C6C8CA8A-0F46-4E45-A6AF-5CEEE970AEE9}.Release|Any CPU.Build.0 = Release|Any CPU
		{C6C8CA8A-0F46-4E45-A6AF-5CEEE970AEE9}.Release|x86.ActiveCfg = Release|x86
		{C6C8CA8A-0F46-4E45-A6AF-5CEEE970AEE9}.Release|x86.Build.0 = Release|x86
		{C6C8CA8A-0F46-4E45-A6AF-5CEEE970AEE9}.x86|Any CPU.ActiveCfg = Release|x86
		{C6C8CA8A-0F46-4E45-A6AF-5CEEE970AEE9}.x86|x86.ActiveCfg = Release|x86
		{C6C8CA8A-0F46-4E45-A6AF-5CEEE970AEE9}.x86|x86.Build.0 = Release|x86
		{B585304F-4701-42CF-8107-EDA807B07AC1}.Debug|Any CPU.ActiveCfg = Debug|x86
		{B585304F-4701-42CF-8107-EDA807B07AC1}.Debug|x86.ActiveCfg = Debug|x86
		{B585304F-4701-42CF-8107-EDA807B07AC1}.Debug|x86.Build.0 = Debug|x86
		{B585304F-4701-42CF-8107-EDA807B07AC1}.Release|Any CPU.ActiveCfg = Release|x86
		{B585304F-4701-42CF-8107-EDA807B07AC1}.Release|x86.ActiveCfg = Release|x86
		{B585304F-4701-42CF-8107-EDA807B07AC1}.Release|x86.Build.0 = Release|x86
		{B585304F-4701-42CF-8107-EDA807B07AC1}.x86|Any CPU.ActiveCfg = Release|x86
		{B585304F-4701-42CF-8107-EDA807B07AC1}.x86|x86.ActiveCfg = Release|x86
		{B585304F-4701-42CF-8107-EDA807B07AC1}.x86|x86.Build.0 = Release|x86
		{62A964F3-C36D-46DE-938F-1D04DAA80C45}.Debug|Any CPU.ActiveCfg = Debug|Any CPU
		{62A964F3-C36D-46DE-938F-1D04DAA80C45}.Debug|Any CPU.Build.0 = Debug|Any CPU
		{62A964F3-C36D-46DE-938F-1D04DAA80C45}.Debug|x86.ActiveCfg = Debug|x86
		{62A964F3-C36D-46DE-938F-1D04DAA80C45}.Debug|x86.Build.0 = Debug|x86
		{62A964F3-C36D-46DE-938F-1D04DAA80C45}.Release|Any CPU.ActiveCfg = Release|Any CPU
		{62A964F3-C36D-46DE-938F-1D04DAA80C45}.Release|Any CPU.Build.0 = Release|Any CPU
		{62A964F3-C36D-46DE-938F-1D04DAA80C45}.Release|x86.ActiveCfg = Release|x86
		{62A964F3-C36D-46DE-938F-1D04DAA80C45}.Release|x86.Build.0 = Release|x86
		{62A964F3-C36D-46DE-938F-1D04DAA80C45}.x86|Any CPU.ActiveCfg = Release|x86
		{62A964F3-C36D-46DE-938F-1D04DAA80C45}.x86|x86.ActiveCfg = Release|x86
		{62A964F3-C36D-46DE-938F-1D04DAA80C45}.x86|x86.Build.0 = Release|x86
		{7B1AD110-296F-4FE2-9F3D-71B24D5A8ED1}.Debug|Any CPU.ActiveCfg = Debug|Any CPU
		{7B1AD110-296F-4FE2-9F3D-71B24D5A8ED1}.Debug|Any CPU.Build.0 = Debug|Any CPU
		{7B1AD110-296F-4FE2-9F3D-71B24D5A8ED1}.Debug|x86.ActiveCfg = Debug|x86
		{7B1AD110-296F-4FE2-9F3D-71B24D5A8ED1}.Debug|x86.Build.0 = Debug|x86
		{7B1AD110-296F-4FE2-9F3D-71B24D5A8ED1}.Release|Any CPU.ActiveCfg = Release|Any CPU
		{7B1AD110-296F-4FE2-9F3D-71B24D5A8ED1}.Release|Any CPU.Build.0 = Release|Any CPU
		{7B1AD110-296F-4FE2-9F3D-71B24D5A8ED1}.Release|x86.ActiveCfg = Release|x86
		{7B1AD110-296F-4FE2-9F3D-71B24D5A8ED1}.Release|x86.Build.0 = Release|x86
		{7B1AD110-296F-4FE2-9F3D-71B24D5A8ED1}.x86|Any CPU.ActiveCfg = Release|x86
		{7B1AD110-296F-4FE2-9F3D-71B24D5A8ED1}.x86|x86.ActiveCfg = Release|x86
		{7B1AD110-296F-4FE2-9F3D-71B24D5A8ED1}.x86|x86.Build.0 = Release|x86
		{169F5E5F-D5E6-4DCA-8571-A1D4E6188B97}.Debug|Any CPU.ActiveCfg = Debug|Any CPU
		{169F5E5F-D5E6-4DCA-8571-A1D4E6188B97}.Debug|Any CPU.Build.0 = Debug|Any CPU
		{169F5E5F-D5E6-4DCA-8571-A1D4E6188B97}.Debug|x86.ActiveCfg = Debug|x86
		{169F5E5F-D5E6-4DCA-8571-A1D4E6188B97}.Debug|x86.Build.0 = Debug|x86
		{169F5E5F-D5E6-4DCA-8571-A1D4E6188B97}.Release|Any CPU.ActiveCfg = Release|Any CPU
		{169F5E5F-D5E6-4DCA-8571-A1D4E6188B97}.Release|Any CPU.Build.0 = Release|Any CPU
		{169F5E5F-D5E6-4DCA-8571-A1D4E6188B97}.Release|x86.ActiveCfg = Release|x86
		{169F5E5F-D5E6-4DCA-8571-A1D4E6188B97}.Release|x86.Build.0 = Release|x86
		{169F5E5F-D5E6-4DCA-8571-A1D4E6188B97}.x86|Any CPU.ActiveCfg = Release|x86
		{169F5E5F-D5E6-4DCA-8571-A1D4E6188B97}.x86|x86.ActiveCfg = Release|x86
		{169F5E5F-D5E6-4DCA-8571-A1D4E6188B97}.x86|x86.Build.0 = Release|x86
		{3ED6D241-6B93-4AD5-AC8D-2300DD9C6EF4}.Debug|Any CPU.ActiveCfg = Debug|Any CPU
		{3ED6D241-6B93-4AD5-AC8D-2300DD9C6EF4}.Debug|Any CPU.Build.0 = Debug|Any CPU
		{3ED6D241-6B93-4AD5-AC8D-2300DD9C6EF4}.Debug|x86.ActiveCfg = Debug|x86
		{3ED6D241-6B93-4AD5-AC8D-2300DD9C6EF4}.Debug|x86.Build.0 = Debug|x86
		{3ED6D241-6B93-4AD5-AC8D-2300DD9C6EF4}.Release|Any CPU.ActiveCfg = Release|Any CPU
		{3ED6D241-6B93-4AD5-AC8D-2300DD9C6EF4}.Release|Any CPU.Build.0 = Release|Any CPU
		{3ED6D241-6B93-4AD5-AC8D-2300DD9C6EF4}.Release|x86.ActiveCfg = Release|x86
		{3ED6D241-6B93-4AD5-AC8D-2300DD9C6EF4}.Release|x86.Build.0 = Release|x86
		{3ED6D241-6B93-4AD5-AC8D-2300DD9C6EF4}.x86|Any CPU.ActiveCfg = Release|Any CPU
		{3ED6D241-6B93-4AD5-AC8D-2300DD9C6EF4}.x86|Any CPU.Build.0 = Release|Any CPU
		{3ED6D241-6B93-4AD5-AC8D-2300DD9C6EF4}.x86|x86.ActiveCfg = Release|x86
		{3ED6D241-6B93-4AD5-AC8D-2300DD9C6EF4}.x86|x86.Build.0 = Release|x86
		{291B11B5-ADC2-4703-A8D9-B7F611CC6238}.Debug|Any CPU.ActiveCfg = Debug|Any CPU
		{291B11B5-ADC2-4703-A8D9-B7F611CC6238}.Debug|Any CPU.Build.0 = Debug|Any CPU
		{291B11B5-ADC2-4703-A8D9-B7F611CC6238}.Debug|x86.ActiveCfg = Debug|x86
		{291B11B5-ADC2-4703-A8D9-B7F611CC6238}.Debug|x86.Build.0 = Debug|x86
		{291B11B5-ADC2-4703-A8D9-B7F611CC6238}.Release|Any CPU.ActiveCfg = Release|Any CPU
		{291B11B5-ADC2-4703-A8D9-B7F611CC6238}.Release|Any CPU.Build.0 = Release|Any CPU
		{291B11B5-ADC2-4703-A8D9-B7F611CC6238}.Release|x86.ActiveCfg = Release|x86
		{291B11B5-ADC2-4703-A8D9-B7F611CC6238}.Release|x86.Build.0 = Release|x86
		{291B11B5-ADC2-4703-A8D9-B7F611CC6238}.x86|Any CPU.ActiveCfg = Release|Any CPU
		{291B11B5-ADC2-4703-A8D9-B7F611CC6238}.x86|Any CPU.Build.0 = Release|Any CPU
		{291B11B5-ADC2-4703-A8D9-B7F611CC6238}.x86|x86.ActiveCfg = Release|x86
		{291B11B5-ADC2-4703-A8D9-B7F611CC6238}.x86|x86.Build.0 = Release|x86
	EndGlobalSection
	GlobalSection(SolutionProperties) = preSolution
		HideSolutionNode = FALSE
	EndGlobalSection
	GlobalSection(ExtensibilityGlobals) = postSolution
		VisualSVNWorkingCopyRoot = .
		SolutionGuid = {6E9973F5-E304-4656-9862-05006E316ACA}
	EndGlobalSection
EndGlobal
