
Microsoft Visual Studio Solution File, Format Version 12.00
# Visual Studio Version 16
VisualStudioVersion = 16.0.29905.134
MinimumVisualStudioVersion = 10.0.40219.1
Project("{F184B08F-C81C-45F6-A57F-5ABD9991F28F}") = "ABSTasks", "IncrementBuildNumber\ABSTasks.vbproj", "{CF8BB2C5-9F00-413D-8103-3D27570B5B6F}"
EndProject
Global
	GlobalSection(SolutionConfigurationPlatforms) = preSolution
		Debug|Any CPU = Debug|Any CPU
		Release|Any CPU = Release|Any CPU
	EndGlobalSection
	GlobalSection(ProjectConfigurationPlatforms) = postSolution
		{CF8BB2C5-9F00-413D-8103-3D27570B5B6F}.Debug|Any CPU.ActiveCfg = Debug|Any CPU
		{CF8BB2C5-9F00-413D-8103-3D27570B5B6F}.Debug|Any CPU.Build.0 = Debug|Any CPU
		{CF8BB2C5-9F00-413D-8103-3D27570B5B6F}.Release|Any CPU.ActiveCfg = Release|Any CPU
		{CF8BB2C5-9F00-413D-8103-3D27570B5B6F}.Release|Any CPU.Build.0 = Release|Any CPU
	EndGlobalSection
	GlobalSection(SolutionProperties) = preSolution
		HideSolutionNode = FALSE
	EndGlobalSection
	GlobalSection(ExtensibilityGlobals) = postSolution
		SolutionGuid = {55331F81-D7B2-406C-AA04-81AE9C4D2C8D}
	EndGlobalSection
EndGlobal
