
Microsoft Visual Studio Solution File, Format Version 10.00
# Visual Studio 2008
Project("{F184B08F-C81C-45F6-A57F-5ABD9991F28F}") = "ABSTasks", "IncrementBuildNumber\ABSTasks.vbproj", "{CF8BB2C5-9F00-413D-8103-3D27570B5B6F}"
EndProject
Global
	GlobalSection(SolutionConfigurationPlatforms) = preSolution
		Debug|Any CPU = Debug|Any CPU
		Release|Any CPU = Release|Any CPU
	EndGlobalSection
	GlobalSection(ProjectConfigurationPlatforms) = postSolution
		{CF8BB2C5-9F00-413D-8103-3D27570B5B6F}.Debug|Any CPU.ActiveCfg = Debug|Any CPU
		{CF8BB2C5-9F00-413D-8103-3D27570B5B6F}.Debug|Any CPU.Build.0 = Debug|Any CPU
		{CF8BB2C5-9F00-413D-8103-3D27570B5B6F}.Release|Any CPU.ActiveCfg = Release|Any CPU
		{CF8BB2C5-9F00-413D-8103-3D27570B5B6F}.Release|Any CPU.Build.0 = Release|Any CPU
	EndGlobalSection
	GlobalSection(SolutionProperties) = preSolution
		HideSolutionNode = FALSE
	EndGlobalSection
EndGlobal
